Microsoft Visual Studio Solution File, Format Version 12.00
# Visual Studio Version 17
VisualStudioVersion = 17.5.2.0
MinimumVisualStudioVersion = 10.0.40219.1
Project("{FAE04EC0-301F-11D3-BF4B-00C04F79EFBC}") = "XFlow.Insights.API", "XFlow.Insights.API\XFlow.Insights.API.csproj", "{3DD05A2A-F642-4304-05FE-7E5EFCDA2E4E}"
EndProject
Global
	GlobalSection(SolutionConfigurationPlatforms) = preSolution
		Debug|Any CPU = Debug|Any CPU
		Release|Any CPU = Release|Any CPU
	EndGlobalSection
	GlobalSection(ProjectConfigurationPlatforms) = postSolution
		{3DD05A2A-F642-4304-05FE-7E5EFCDA2E4E}.Debug|Any CPU.ActiveCfg = Debug|Any CPU
		{3DD05A2A-F642-4304-05FE-7E5EFCDA2E4E}.Debug|Any CPU.Build.0 = Debug|Any CPU
		{3DD05A2A-F642-4304-05FE-7E5EFCDA2E4E}.Release|Any CPU.ActiveCfg = Release|Any CPU
		{3DD05A2A-F642-4304-05FE-7E5EFCDA2E4E}.Release|Any CPU.Build.0 = Release|Any CPU
	EndGlobalSection
	GlobalSection(SolutionProperties) = preSolution
		HideSolutionNode = FALSE
	EndGlobalSection
	GlobalSection(ExtensibilityGlobals) = postSolution
		SolutionGuid = {F2772FDB-77B5-4FBF-9DA7-06BB00B098B9}
	EndGlobalSection
EndGlobal
